<?xml version="1.0" encoding="UTF-8"?>
<Scheme
   version = "1.3">
   <BuildAction>
      <BuildActionEntries>
         <BuildActionEntry
            buildForRunning = "YES">
            <BuildableReference
               BuildableIdentifier = "primary"
               BlueprintIdentifier = "58603A9C2F43CD3DD220738D"
               BuildableName = "MyDiablo.app"
               BlueprintName = "MyDiablo"
               ReferencedContainer = "container:MyDiablo.xcodeproj">
            </BuildableReference>
         </BuildActionEntry>
      </BuildActionEntries>
   </BuildAction>
   <LaunchAction
      useCustomWorkingDirectory = "NO"
      buildConfiguration = "Debug">
      <BuildableProductRunnable>
         <BuildableReference
            BuildableIdentifier = "primary"
            BlueprintIdentifier = "58603A9C2F43CD3DD220738D"
            BuildableName = "MyDiablo.app"
            BlueprintName = "MyDiablo"
            ReferencedContainer = "container:MyDiablo.xcodeproj">
         </BuildableReference>
      </BuildableProductRunnable>
   </LaunchAction>
</Scheme>
